github.com/ianlancetaylor/demangle v0.0.0-20260724033716-83e58baca724 h1:QixF8Mcbe87ET7pK/fPbBJ9GXFddmEY8yYMepzMzo30=
github.com/ianlancetaylor/demangle v0.0.0-20260724033716-83e58baca724/go.mod h1:gx7rwoVhcfuVKG5uya9Hs3Sxj7EIvldVofAWIUtGouw=
github.com/zdypro888/go-dwarf v0.0.0-20260824052613-eefe864e4088 h1:vZjEgf5wtOA3FeZf9iwXayNxdH6XwL71Pd38KIlM6vg=
github.com/zdypro888/go-dwarf v0.0.0-20260824052613-eefe864e4088/go.mod h1:13dowCNVxHBZ9ei7yUNenjp6QawVXWRItHnqw/EYPHQ=
