github.com/ianlancetaylor/demangle v0.0.0-20260505044615-1ff4bf46051f h1:NW3E2QSchEk63/fjeEvWOa2cE02FSv9ox//VE/N4c8g=
github.com/ianlancetaylor/demangle v0.0.0-20260505044615-1ff4bf46051f/go.mod h1:gx7rwoVhcfuVKG5uya9Hs3Sxj7EIvldVofAWIUtGouw=
github.com/zdypro888/go-dwarf v0.0.0-20260610033742-0d5529c1af5d h1:ybJD1aIjt6gJqsGoeLWsIfR8um/aZlWJNqP97Paf/rA=
github.com/zdypro888/go-dwarf v0.0.0-20260610033742-0d5529c1af5d/go.mod h1:ZMN53E9O6vn2Nb2O7VAm7s3FqMMQx+4fWFxauKsaPHA=
